// !$*UTF8*$!
{
	archiveVersion = 1;
	classes = {
	};
	objectVersion = 42;
	objects = {

/* Begin PBXFileReference section */
		01706F590A347F9A00E43B08 /* Makefile */ = {isa = PBXFileReference; fileEncoding = 30; lastKnownFileType = sourcecode.make; path = Makefile; sourceTree = "<group>"; xcLanguageSpecificationIdentifier = xcode.lang.make; };
		222FA97C146AF88600825729 /* binary.h */ = {isa = PBXFileReference; fileEncoding = 4; lastKnownFileType = sourcecode.c.h; name = binary.h; path = /Applications/Arduino.app/Contents/Resources/Java/hardware/Sanguino/cores/arduino/binary.h; sourceTree = "<absolute>"; };
		222FA97D146AF88600825729 /* HardwareSerial.cpp */ = {isa = PBXFileReference; fileEncoding = 4; lastKnownFileType = sourcecode.cpp.cpp; name = HardwareSerial.cpp; path = /Applications/Arduino.app/Contents/Resources/Java/hardware/Sanguino/cores/arduino/HardwareSerial.cpp; sourceTree = "<absolute>"; };
		222FA97E146AF88600825729 /* HardwareSerial.h */ = {isa = PBXFileReference; fileEncoding = 4; lastKnownFileType = sourcecode.c.h; name = HardwareSerial.h; path = /Applications/Arduino.app/Contents/Resources/Java/hardware/Sanguino/cores/arduino/HardwareSerial.h; sourceTree = "<absolute>"; };
		222FA97F146AF88600825729 /* HardwareSerial.o */ = {isa = PBXFileReference; lastKnownFileType = "compiled.mach-o.objfile"; name = HardwareSerial.o; path = /Applications/Arduino.app/Contents/Resources/Java/hardware/Sanguino/cores/arduino/HardwareSerial.o; sourceTree = "<absolute>"; };
		222FA980146AF88600825729 /* main.cpp */ = {isa = PBXFileReference; fileEncoding = 4; lastKnownFileType = sourcecode.cpp.cpp; name = main.cpp; path = /Applications/Arduino.app/Contents/Resources/Java/hardware/Sanguino/cores/arduino/main.cpp; sourceTree = "<absolute>"; };
		222FA981146AF88600825729 /* main.cxx */ = {isa = PBXFileReference; fileEncoding = 4; lastKnownFileType = sourcecode.cpp.cpp; name = main.cxx; path = /Applications/Arduino.app/Contents/Resources/Java/hardware/Sanguino/cores/arduino/main.cxx; sourceTree = "<absolute>"; };
		222FA982146AF88600825729 /* Makefile */ = {isa = PBXFileReference; fileEncoding = 4; lastKnownFileType = sourcecode.make; name = Makefile; path = /Applications/Arduino.app/Contents/Resources/Java/hardware/Sanguino/cores/arduino/Makefile; sourceTree = "<absolute>"; };
		222FA983146AF88600825729 /* pins_arduino.c */ = {isa = PBXFileReference; fileEncoding = 4; lastKnownFileType = sourcecode.c.c; name = pins_arduino.c; path = /Applications/Arduino.app/Contents/Resources/Java/hardware/Sanguino/cores/arduino/pins_arduino.c; sourceTree = "<absolute>"; };
		222FA984146AF88600825729 /* pins_arduino.h */ = {isa = PBXFileReference; fileEncoding = 4; lastKnownFileType = sourcecode.c.h; name = pins_arduino.h; path = /Applications/Arduino.app/Contents/Resources/Java/hardware/Sanguino/cores/arduino/pins_arduino.h; sourceTree = "<absolute>"; };
		222FA985146AF88600825729 /* pins_arduino.o */ = {isa = PBXFileReference; lastKnownFileType = "compiled.mach-o.objfile"; name = pins_arduino.o; path = /Applications/Arduino.app/Contents/Resources/Java/hardware/Sanguino/cores/arduino/pins_arduino.o; sourceTree = "<absolute>"; };
		222FA986146AF88600825729 /* Print.cpp */ = {isa = PBXFileReference; fileEncoding = 4; lastKnownFileType = sourcecode.cpp.cpp; name = Print.cpp; path = /Applications/Arduino.app/Contents/Resources/Java/hardware/Sanguino/cores/arduino/Print.cpp; sourceTree = "<absolute>"; };
		222FA987146AF88600825729 /* Print.h */ = {isa = PBXFileReference; fileEncoding = 4; lastKnownFileType = sourcecode.c.h; name = Print.h; path = /Applications/Arduino.app/Contents/Resources/Java/hardware/Sanguino/cores/arduino/Print.h; sourceTree = "<absolute>"; };
		222FA988146AF88600825729 /* Print.o */ = {isa = PBXFileReference; lastKnownFileType = "compiled.mach-o.objfile"; name = Print.o; path = /Applications/Arduino.app/Contents/Resources/Java/hardware/Sanguino/cores/arduino/Print.o; sourceTree = "<absolute>"; };
		222FA989146AF88600825729 /* Tone.cpp */ = {isa = PBXFileReference; fileEncoding = 4; lastKnownFileType = sourcecode.cpp.cpp; name = Tone.cpp; path = /Applications/Arduino.app/Contents/Resources/Java/hardware/Sanguino/cores/arduino/Tone.cpp; sourceTree = "<absolute>"; };
		222FA98A146AF88600825729 /* WConstants.h */ = {isa = PBXFileReference; fileEncoding = 4; lastKnownFileType = sourcecode.c.h; name = WConstants.h; path = /Applications/Arduino.app/Contents/Resources/Java/hardware/Sanguino/cores/arduino/WConstants.h; sourceTree = "<absolute>"; };
		222FA98B146AF88600825729 /* WInterrupts.c */ = {isa = PBXFileReference; fileEncoding = 4; lastKnownFileType = sourcecode.c.c; name = WInterrupts.c; path = /Applications/Arduino.app/Contents/Resources/Java/hardware/Sanguino/cores/arduino/WInterrupts.c; sourceTree = "<absolute>"; };
		222FA98C146AF88600825729 /* WInterrupts.o */ = {isa = PBXFileReference; lastKnownFileType = "compiled.mach-o.objfile"; name = WInterrupts.o; path = /Applications/Arduino.app/Contents/Resources/Java/hardware/Sanguino/cores/arduino/WInterrupts.o; sourceTree = "<absolute>"; };
		222FA98D146AF88600825729 /* wiring.c */ = {isa = PBXFileReference; fileEncoding = 4; lastKnownFileType = sourcecode.c.c; name = wiring.c; path = /Applications/Arduino.app/Contents/Resources/Java/hardware/Sanguino/cores/arduino/wiring.c; sourceTree = "<absolute>"; };
		222FA98E146AF88600825729 /* wiring.h */ = {isa = PBXFileReference; fileEncoding = 4; lastKnownFileType = sourcecode.c.h; name = wiring.h; path = /Applications/Arduino.app/Contents/Resources/Java/hardware/Sanguino/cores/arduino/wiring.h; sourceTree = "<absolute>"; };
		222FA98F146AF88600825729 /* wiring.o */ = {isa = PBXFileReference; lastKnownFileType = "compiled.mach-o.objfile"; name = wiring.o; path = /Applications/Arduino.app/Contents/Resources/Java/hardware/Sanguino/cores/arduino/wiring.o; sourceTree = "<absolute>"; };
		222FA990146AF88600825729 /* wiring_analog.c */ = {isa = PBXFileReference; fileEncoding = 4; lastKnownFileType = sourcecode.c.c; name = wiring_analog.c; path = /Applications/Arduino.app/Contents/Resources/Java/hardware/Sanguino/cores/arduino/wiring_analog.c; sourceTree = "<absolute>"; };
		222FA991146AF88600825729 /* wiring_analog.o */ = {isa = PBXFileReference; lastKnownFileType = "compiled.mach-o.objfile"; name = wiring_analog.o; path = /Applications/Arduino.app/Contents/Resources/Java/hardware/Sanguino/cores/arduino/wiring_analog.o; sourceTree = "<absolute>"; };
		222FA992146AF88600825729 /* wiring_digital.c */ = {isa = PBXFileReference; fileEncoding = 4; lastKnownFileType = sourcecode.c.c; name = wiring_digital.c; path = /Applications/Arduino.app/Contents/Resources/Java/hardware/Sanguino/cores/arduino/wiring_digital.c; sourceTree = "<absolute>"; };
		222FA993146AF88600825729 /* wiring_digital.o */ = {isa = PBXFileReference; lastKnownFileType = "compiled.mach-o.objfile"; name = wiring_digital.o; path = /Applications/Arduino.app/Contents/Resources/Java/hardware/Sanguino/cores/arduino/wiring_digital.o; sourceTree = "<absolute>"; };
		222FA994146AF88600825729 /* wiring_private.h */ = {isa = PBXFileReference; fileEncoding = 4; lastKnownFileType = sourcecode.c.h; name = wiring_private.h; path = /Applications/Arduino.app/Contents/Resources/Java/hardware/Sanguino/cores/arduino/wiring_private.h; sourceTree = "<absolute>"; };
		222FA995146AF88600825729 /* wiring_pulse.c */ = {isa = PBXFileReference; fileEncoding = 4; lastKnownFileType = sourcecode.c.c; name = wiring_pulse.c; path = /Applications/Arduino.app/Contents/Resources/Java/hardware/Sanguino/cores/arduino/wiring_pulse.c; sourceTree = "<absolute>"; };
		222FA996146AF88600825729 /* wiring_pulse.o */ = {isa = PBXFileReference; lastKnownFileType = "compiled.mach-o.objfile"; name = wiring_pulse.o; path = /Applications/Arduino.app/Contents/Resources/Java/hardware/Sanguino/cores/arduino/wiring_pulse.o; sourceTree = "<absolute>"; };
		222FA997146AF88600825729 /* wiring_serial.c */ = {isa = PBXFileReference; fileEncoding = 4; lastKnownFileType = sourcecode.c.c; name = wiring_serial.c; path = /Applications/Arduino.app/Contents/Resources/Java/hardware/Sanguino/cores/arduino/wiring_serial.c; sourceTree = "<absolute>"; };
		222FA998146AF88600825729 /* wiring_shift.c */ = {isa = PBXFileReference; fileEncoding = 4; lastKnownFileType = sourcecode.c.c; name = wiring_shift.c; path = /Applications/Arduino.app/Contents/Resources/Java/hardware/Sanguino/cores/arduino/wiring_shift.c; sourceTree = "<absolute>"; };
		222FA999146AF88600825729 /* wiring_shift.o */ = {isa = PBXFileReference; lastKnownFileType = "compiled.mach-o.objfile"; name = wiring_shift.o; path = /Applications/Arduino.app/Contents/Resources/Java/hardware/Sanguino/cores/arduino/wiring_shift.o; sourceTree = "<absolute>"; };
		222FA99A146AF88600825729 /* WMath.cpp */ = {isa = PBXFileReference; fileEncoding = 4; lastKnownFileType = sourcecode.cpp.cpp; name = WMath.cpp; path = /Applications/Arduino.app/Contents/Resources/Java/hardware/Sanguino/cores/arduino/WMath.cpp; sourceTree = "<absolute>"; };
		222FA99B146AF88600825729 /* WMath.o */ = {isa = PBXFileReference; lastKnownFileType = "compiled.mach-o.objfile"; name = WMath.o; path = /Applications/Arduino.app/Contents/Resources/Java/hardware/Sanguino/cores/arduino/WMath.o; sourceTree = "<absolute>"; };
		222FA99C146AF88600825729 /* WProgram.h */ = {isa = PBXFileReference; fileEncoding = 4; lastKnownFileType = sourcecode.c.h; name = WProgram.h; path = /Applications/Arduino.app/Contents/Resources/Java/hardware/Sanguino/cores/arduino/WProgram.h; sourceTree = "<absolute>"; };
		222FA9BE146B622C00825729 /* EEPROM.cpp */ = {isa = PBXFileReference; fileEncoding = 4; lastKnownFileType = sourcecode.cpp.cpp; name = EEPROM.cpp; path = /Applications/Arduino.app/Contents/Resources/Java/libraries/EEPROM/EEPROM.cpp; sourceTree = "<absolute>"; };
		222FA9BF146B622C00825729 /* EEPROM.h */ = {isa = PBXFileReference; fileEncoding = 4; lastKnownFileType = sourcecode.c.h; name = EEPROM.h; path = /Applications/Arduino.app/Contents/Resources/Java/libraries/EEPROM/EEPROM.h; sourceTree = "<absolute>"; };
		222FA9C9146B622C00825729 /* Client.cpp */ = {isa = PBXFileReference; fileEncoding = 4; lastKnownFileType = sourcecode.cpp.cpp; name = Client.cpp; path = /Applications/Arduino.app/Contents/Resources/Java/libraries/Ethernet/Client.cpp; sourceTree = "<absolute>"; };
		222FA9CA146B622C00825729 /* Client.h */ = {isa = PBXFileReference; fileEncoding = 4; lastKnownFileType = sourcecode.c.h; name = Client.h; path = /Applications/Arduino.app/Contents/Resources/Java/libraries/Ethernet/Client.h; sourceTree = "<absolute>"; };
		222FA9CB146B622C00825729 /* Ethernet.cpp */ = {isa = PBXFileReference; fileEncoding = 4; lastKnownFileType = sourcecode.cpp.cpp; name = Ethernet.cpp; path = /Applications/Arduino.app/Contents/Resources/Java/libraries/Ethernet/Ethernet.cpp; sourceTree = "<absolute>"; };
		222FA9CC146B622C00825729 /* Ethernet.h */ = {isa = PBXFileReference; fileEncoding = 4; lastKnownFileType = sourcecode.c.h; name = Ethernet.h; path = /Applications/Arduino.app/Contents/Resources/Java/libraries/Ethernet/Ethernet.h; sourceTree = "<absolute>"; };
		222FA9E1146B622C00825729 /* Server.cpp */ = {isa = PBXFileReference; fileEncoding = 4; lastKnownFileType = sourcecode.cpp.cpp; name = Server.cpp; path = /Applications/Arduino.app/Contents/Resources/Java/libraries/Ethernet/Server.cpp; sourceTree = "<absolute>"; };
		222FA9E2146B622C00825729 /* Server.h */ = {isa = PBXFileReference; fileEncoding = 4; lastKnownFileType = sourcecode.c.h; name = Server.h; path = /Applications/Arduino.app/Contents/Resources/Java/libraries/Ethernet/Server.h; sourceTree = "<absolute>"; };
		222FA9E3146B622C00825729 /* Udp.cpp */ = {isa = PBXFileReference; fileEncoding = 4; lastKnownFileType = sourcecode.cpp.cpp; name = Udp.cpp; path = /Applications/Arduino.app/Contents/Resources/Java/libraries/Ethernet/Udp.cpp; sourceTree = "<absolute>"; };
		222FA9E4146B622C00825729 /* Udp.h */ = {isa = PBXFileReference; fileEncoding = 4; lastKnownFileType = sourcecode.c.h; name = Udp.h; path = /Applications/Arduino.app/Contents/Resources/Java/libraries/Ethernet/Udp.h; sourceTree = "<absolute>"; };
		222FA9E6146B622C00825729 /* socket.cpp */ = {isa = PBXFileReference; fileEncoding = 4; lastKnownFileType = sourcecode.cpp.cpp; name = socket.cpp; path = /Applications/Arduino.app/Contents/Resources/Java/libraries/Ethernet/utility/socket.cpp; sourceTree = "<absolute>"; };
		222FA9E7146B622C00825729 /* socket.h */ = {isa = PBXFileReference; fileEncoding = 4; lastKnownFileType = sourcecode.c.h; name = socket.h; path = /Applications/Arduino.app/Contents/Resources/Java/libraries/Ethernet/utility/socket.h; sourceTree = "<absolute>"; };
		222FA9E8146B622C00825729 /* w5100.cpp */ = {isa = PBXFileReference; fileEncoding = 4; lastKnownFileType = sourcecode.cpp.cpp; name = w5100.cpp; path = /Applications/Arduino.app/Contents/Resources/Java/libraries/Ethernet/utility/w5100.cpp; sourceTree = "<absolute>"; };
		222FA9E9146B622C00825729 /* w5100.h */ = {isa = PBXFileReference; fileEncoding = 4; lastKnownFileType = sourcecode.c.h; name = w5100.h; path = /Applications/Arduino.app/Contents/Resources/Java/libraries/Ethernet/utility/w5100.h; sourceTree = "<absolute>"; };
		222FA9EB146B622C00825729 /* Boards.h */ = {isa = PBXFileReference; fileEncoding = 4; lastKnownFileType = sourcecode.c.h; name = Boards.h; path = /Applications/Arduino.app/Contents/Resources/Java/libraries/Firmata/Boards.h; sourceTree = "<absolute>"; };
		222FAA09146B622C00825729 /* Firmata.cpp */ = {isa = PBXFileReference; fileEncoding = 4; lastKnownFileType = sourcecode.cpp.cpp; name = Firmata.cpp; path = /Applications/Arduino.app/Contents/Resources/Java/libraries/Firmata/Firmata.cpp; sourceTree = "<absolute>"; };
		222FAA0A146B622C00825729 /* Firmata.h */ = {isa = PBXFileReference; fileEncoding = 4; lastKnownFileType = sourcecode.c.h; name = Firmata.h; path = /Applications/Arduino.app/Contents/Resources/Java/libraries/Firmata/Firmata.h; sourceTree = "<absolute>"; };
		222FAA23146B622C00825729 /* LiquidCrystal.cpp */ = {isa = PBXFileReference; fileEncoding = 4; lastKnownFileType = sourcecode.cpp.cpp; name = LiquidCrystal.cpp; path = /Applications/Arduino.app/Contents/Resources/Java/libraries/LiquidCrystal/LiquidCrystal.cpp; sourceTree = "<absolute>"; };
		222FAA24146B622C00825729 /* LiquidCrystal.h */ = {isa = PBXFileReference; fileEncoding = 4; lastKnownFileType = sourcecode.c.h; name = LiquidCrystal.h; path = /Applications/Arduino.app/Contents/Resources/Java/libraries/LiquidCrystal/LiquidCrystal.h; sourceTree = "<absolute>"; };
		222FAA2C146B622C00825729 /* Matrix.cpp */ = {isa = PBXFileReference; fileEncoding = 4; lastKnownFileType = sourcecode.cpp.cpp; name = Matrix.cpp; path = /Applications/Arduino.app/Contents/Resources/Java/libraries/Matrix/Matrix.cpp; sourceTree = "<absolute>"; };
		222FAA2D146B622C00825729 /* Matrix.h */ = {isa = PBXFileReference; fileEncoding = 4; lastKnownFileType = sourcecode.c.h; name = Matrix.h; path = /Applications/Arduino.app/Contents/Resources/Java/libraries/Matrix/Matrix.h; sourceTree = "<absolute>"; };
		222FAA38146B622C00825729 /* File.cpp */ = {isa = PBXFileReference; fileEncoding = 4; lastKnownFileType = sourcecode.cpp.cpp; name = File.cpp; path = /Applications/Arduino.app/Contents/Resources/Java/libraries/SD/File.cpp; sourceTree = "<absolute>"; };
		222FAA3B146B622C00825729 /* SD.cpp */ = {isa = PBXFileReference; fileEncoding = 4; lastKnownFileType = sourcecode.cpp.cpp; name = SD.cpp; path = /Applications/Arduino.app/Contents/Resources/Java/libraries/SD/SD.cpp; sourceTree = "<absolute>"; };
		222FAA3C146B622C00825729 /* SD.h */ = {isa = PBXFileReference; fileEncoding = 4; lastKnownFileType = sourcecode.c.h; name = SD.h; path = /Applications/Arduino.app/Contents/Resources/Java/libraries/SD/SD.h; sourceTree = "<absolute>"; };
		222FAA3E146B622C00825729 /* FatStructs.h */ = {isa = PBXFileReference; fileEncoding = 4; lastKnownFileType = sourcecode.c.h; name = FatStructs.h; path = /Applications/Arduino.app/Contents/Resources/Java/libraries/SD/utility/FatStructs.h; sourceTree = "<absolute>"; };
		222FAA3F146B622C00825729 /* Sd2Card.cpp */ = {isa = PBXFileReference; fileEncoding = 4; lastKnownFileType = sourcecode.cpp.cpp; name = Sd2Card.cpp; path = /Applications/Arduino.app/Contents/Resources/Java/libraries/SD/utility/Sd2Card.cpp; sourceTree = "<absolute>"; };
		222FAA40146B622C00825729 /* Sd2Card.h */ = {isa = PBXFileReference; fileEncoding = 4; lastKnownFileType = sourcecode.c.h; name = Sd2Card.h; path = /Applications/Arduino.app/Contents/Resources/Java/libraries/SD/utility/Sd2Card.h; sourceTree = "<absolute>"; };
		222FAA41146B622C00825729 /* Sd2PinMap.h */ = {isa = PBXFileReference; fileEncoding = 4; lastKnownFileType = sourcecode.c.h; name = Sd2PinMap.h; path = /Applications/Arduino.app/Contents/Resources/Java/libraries/SD/utility/Sd2PinMap.h; sourceTree = "<absolute>"; };
		222FAA42146B622C00825729 /* SdFat.h */ = {isa = PBXFileReference; fileEncoding = 4; lastKnownFileType = sourcecode.c.h; name = SdFat.h; path = /Applications/Arduino.app/Contents/Resources/Java/libraries/SD/utility/SdFat.h; sourceTree = "<absolute>"; };
		222FAA43146B622C00825729 /* SdFatmainpage.h */ = {isa = PBXFileReference; fileEncoding = 4; lastKnownFileType = sourcecode.c.h; name = SdFatmainpage.h; path = /Applications/Arduino.app/Contents/Resources/Java/libraries/SD/utility/SdFatmainpage.h; sourceTree = "<absolute>"; };
		222FAA44146B622C00825729 /* SdFatUtil.h */ = {isa = PBXFileReference; fileEncoding = 4; lastKnownFileType = sourcecode.c.h; name = SdFatUtil.h; path = /Applications/Arduino.app/Contents/Resources/Java/libraries/SD/utility/SdFatUtil.h; sourceTree = "<absolute>"; };
		222FAA45146B622C00825729 /* SdFile.cpp */ = {isa = PBXFileReference; fileEncoding = 4; lastKnownFileType = sourcecode.cpp.cpp; name = SdFile.cpp; path = /Applications/Arduino.app/Contents/Resources/Java/libraries/SD/utility/SdFile.cpp; sourceTree = "<absolute>"; };
		222FAA46146B622C00825729 /* SdInfo.h */ = {isa = PBXFileReference; fileEncoding = 4; lastKnownFileType = sourcecode.c.h; name = SdInfo.h; path = /Applications/Arduino.app/Contents/Resources/Java/libraries/SD/utility/SdInfo.h; sourceTree = "<absolute>"; };
		222FAA47146B622C00825729 /* SdVolume.cpp */ = {isa = PBXFileReference; fileEncoding = 4; lastKnownFileType = sourcecode.cpp.cpp; name = SdVolume.cpp; path = /Applications/Arduino.app/Contents/Resources/Java/libraries/SD/utility/SdVolume.cpp; sourceTree = "<absolute>"; };
		222FAA4F146B622C00825729 /* Servo.cpp */ = {isa = PBXFileReference; fileEncoding = 4; lastKnownFileType = sourcecode.cpp.cpp; name = Servo.cpp; path = /Applications/Arduino.app/Contents/Resources/Java/libraries/Servo/Servo.cpp; sourceTree = "<absolute>"; };
		222FAA50146B622C00825729 /* Servo.h */ = {isa = PBXFileReference; fileEncoding = 4; lastKnownFileType = sourcecode.c.h; name = Servo.h; path = /Applications/Arduino.app/Contents/Resources/Java/libraries/Servo/Servo.h; sourceTree = "<absolute>"; };
		222FAA54146B622C00825729 /* SoftwareSerial.cpp */ = {isa = PBXFileReference; fileEncoding = 4; lastKnownFileType = sourcecode.cpp.cpp; name = SoftwareSerial.cpp; path = /Applications/Arduino.app/Contents/Resources/Java/libraries/SoftwareSerial/SoftwareSerial.cpp; sourceTree = "<absolute>"; };
		222FAA55146B622C00825729 /* SoftwareSerial.h */ = {isa = PBXFileReference; fileEncoding = 4; lastKnownFileType = sourcecode.c.h; name = SoftwareSerial.h; path = /Applications/Arduino.app/Contents/Resources/Java/libraries/SoftwareSerial/SoftwareSerial.h; sourceTree = "<absolute>"; };
		222FAA5F146B622C00825729 /* SPI.cpp */ = {isa = PBXFileReference; fileEncoding = 4; lastKnownFileType = sourcecode.cpp.cpp; name = SPI.cpp; path = /Applications/Arduino.app/Contents/Resources/Java/libraries/SPI/SPI.cpp; sourceTree = "<absolute>"; };
		222FAA60146B622C00825729 /* SPI.h */ = {isa = PBXFileReference; fileEncoding = 4; lastKnownFileType = sourcecode.c.h; name = SPI.h; path = /Applications/Arduino.app/Contents/Resources/Java/libraries/SPI/SPI.h; sourceTree = "<absolute>"; };
		222FAA62146B622C00825729 /* binary.h */ = {isa = PBXFileReference; fileEncoding = 4; lastKnownFileType = sourcecode.c.h; name = binary.h; path = /Applications/Arduino.app/Contents/Resources/Java/libraries/Sprite/binary.h; sourceTree = "<absolute>"; };
		222FAA64146B622C00825729 /* Sprite.cpp */ = {isa = PBXFileReference; fileEncoding = 4; lastKnownFileType = sourcecode.cpp.cpp; name = Sprite.cpp; path = /Applications/Arduino.app/Contents/Resources/Java/libraries/Sprite/Sprite.cpp; sourceTree = "<absolute>"; };
		222FAA65146B622C00825729 /* Sprite.h */ = {isa = PBXFileReference; fileEncoding = 4; lastKnownFileType = sourcecode.c.h; name = Sprite.h; path = /Applications/Arduino.app/Contents/Resources/Java/libraries/Sprite/Sprite.h; sourceTree = "<absolute>"; };
		222FAA71146B622C00825729 /* Stepper.cpp */ = {isa = PBXFileReference; fileEncoding = 4; lastKnownFileType = sourcecode.cpp.cpp; name = Stepper.cpp; path = /Applications/Arduino.app/Contents/Resources/Java/libraries/Stepper/Stepper.cpp; sourceTree = "<absolute>"; };
		222FAA72146B622C00825729 /* Stepper.h */ = {isa = PBXFileReference; fileEncoding = 4; lastKnownFileType = sourcecode.c.h; name = Stepper.h; path = /Applications/Arduino.app/Contents/Resources/Java/libraries/Stepper/Stepper.h; sourceTree = "<absolute>"; };
		222FAA83146B622C00825729 /* twi.c */ = {isa = PBXFileReference; fileEncoding = 4; lastKnownFileType = sourcecode.c.c; name = twi.c; path = /Applications/Arduino.app/Contents/Resources/Java/libraries/Wire/utility/twi.c; sourceTree = "<absolute>"; };
		222FAA84146B622C00825729 /* twi.h */ = {isa = PBXFileReference; fileEncoding = 4; lastKnownFileType = sourcecode.c.h; name = twi.h; path = /Applications/Arduino.app/Contents/Resources/Java/libraries/Wire/utility/twi.h; sourceTree = "<absolute>"; };
		222FAA85146B622C00825729 /* Wire.cpp */ = {isa = PBXFileReference; fileEncoding = 4; lastKnownFileType = sourcecode.cpp.cpp; name = Wire.cpp; path = /Applications/Arduino.app/Contents/Resources/Java/libraries/Wire/Wire.cpp; sourceTree = "<absolute>"; };
		222FAA86146B622C00825729 /* Wire.h */ = {isa = PBXFileReference; fileEncoding = 4; lastKnownFileType = sourcecode.c.h; name = Wire.h; path = /Applications/Arduino.app/Contents/Resources/Java/libraries/Wire/Wire.h; sourceTree = "<absolute>"; };
		22ACDAFE146E99DE0021C93A /* main.cpp */ = {isa = PBXFileReference; fileEncoding = 4; lastKnownFileType = sourcecode.cpp.cpp; name = main.cpp; path = "Library/Xcode/Project Templates/Arduino/SanguinoOnXcode2/src/main.cpp"; sourceTree = SYSTEM_DEVELOPER_DIR; };
		22ACDAFF146E99DE0021C93A /* ArduinoProgram.h */ = {isa = PBXFileReference; fileEncoding = 4; lastKnownFileType = sourcecode.c.h; name = ArduinoProgram.h; path = "Library/Xcode/Project Templates/Arduino/SanguinoOnXcode2/src/ArduinoProgram.h"; sourceTree = SYSTEM_DEVELOPER_DIR; };
		22ACDB00146E99DE0021C93A /* ArduinoProgram.cpp */ = {isa = PBXFileReference; fileEncoding = 4; lastKnownFileType = sourcecode.cpp.cpp; name = ArduinoProgram.cpp; path = "Library/Xcode/Project Templates/Arduino/SanguinoOnXcode2/src/ArduinoProgram.cpp"; sourceTree = SYSTEM_DEVELOPER_DIR; };
		22ACDB01146E99DE0021C93A /* TestThing.h */ = {isa = PBXFileReference; fileEncoding = 4; lastKnownFileType = sourcecode.c.h; name = TestThing.h; path = "Library/Xcode/Project Templates/Arduino/SanguinoOnXcode2/src/TestThing.h"; sourceTree = SYSTEM_DEVELOPER_DIR; };
		22ACDB02146E99DE0021C93A /* TestThing.cpp */ = {isa = PBXFileReference; fileEncoding = 4; lastKnownFileType = sourcecode.cpp.cpp; name = TestThing.cpp; path = "Library/Xcode/Project Templates/Arduino/SanguinoOnXcode2/src/TestThing.cpp"; sourceTree = SYSTEM_DEVELOPER_DIR; };
		22ACDB04146E9A0E0021C93A /* README */ = {isa = PBXFileReference; fileEncoding = 4; lastKnownFileType = text; path = README; sourceTree = "<group>"; };
/* End PBXFileReference section */

/* Begin PBXGroup section */
		08FB7794FE84155DC02AAC07 /* ¬´PROJECTNAME¬ª */ = {
			isa = PBXGroup;
			children = (
				22ACDB04146E9A0E0021C93A /* README */,
				22ACDAFD146E99DE0021C93A /* src */,
				01706F590A347F9A00E43B08 /* Makefile */,
				222FA9BC146B622C00825729 /* libraries */,
				222FA97B146AF88600825729 /* Sanguino */,
			);
			name = "¬´PROJECTNAME¬ª";
			sourceTree = "<group>";
		};
		222FA97B146AF88600825729 /* Sanguino */ = {
			isa = PBXGroup;
			children = (
				222FA97C146AF88600825729 /* binary.h */,
				222FA97D146AF88600825729 /* HardwareSerial.cpp */,
				222FA97E146AF88600825729 /* HardwareSerial.h */,
				222FA97F146AF88600825729 /* HardwareSerial.o */,
				222FA980146AF88600825729 /* main.cpp */,
				222FA981146AF88600825729 /* main.cxx */,
				222FA982146AF88600825729 /* Makefile */,
				222FA983146AF88600825729 /* pins_arduino.c */,
				222FA984146AF88600825729 /* pins_arduino.h */,
				222FA985146AF88600825729 /* pins_arduino.o */,
				222FA986146AF88600825729 /* Print.cpp */,
				222FA987146AF88600825729 /* Print.h */,
				222FA988146AF88600825729 /* Print.o */,
				222FA989146AF88600825729 /* Tone.cpp */,
				222FA98A146AF88600825729 /* WConstants.h */,
				222FA98B146AF88600825729 /* WInterrupts.c */,
				222FA98C146AF88600825729 /* WInterrupts.o */,
				222FA98D146AF88600825729 /* wiring.c */,
				222FA98E146AF88600825729 /* wiring.h */,
				222FA98F146AF88600825729 /* wiring.o */,
				222FA990146AF88600825729 /* wiring_analog.c */,
				222FA991146AF88600825729 /* wiring_analog.o */,
				222FA992146AF88600825729 /* wiring_digital.c */,
				222FA993146AF88600825729 /* wiring_digital.o */,
				222FA994146AF88600825729 /* wiring_private.h */,
				222FA995146AF88600825729 /* wiring_pulse.c */,
				222FA996146AF88600825729 /* wiring_pulse.o */,
				222FA997146AF88600825729 /* wiring_serial.c */,
				222FA998146AF88600825729 /* wiring_shift.c */,
				222FA999146AF88600825729 /* wiring_shift.o */,
				222FA99A146AF88600825729 /* WMath.cpp */,
				222FA99B146AF88600825729 /* WMath.o */,
				222FA99C146AF88600825729 /* WProgram.h */,
			);
			name = Sanguino;
			path = /Applications/Arduino.app/Contents/Resources/Java/hardware/Sanguino/cores/arduino;
			sourceTree = "<absolute>";
		};
		222FA9BC146B622C00825729 /* libraries */ = {
			isa = PBXGroup;
			children = (
				222FA9BD146B622C00825729 /* EEPROM */,
				222FA9C8146B622C00825729 /* Ethernet */,
				222FA9EA146B622C00825729 /* Firmata */,
				222FAA0E146B622C00825729 /* LiquidCrystal */,
				222FAA25146B622C00825729 /* Matrix */,
				222FAA2E146B622C00825729 /* SD */,
				222FAA48146B622C00825729 /* Servo */,
				222FAA51146B622C00825729 /* SoftwareSerial */,
				222FAA56146B622C00825729 /* SPI */,
				222FAA61146B622C00825729 /* Sprite */,
				222FAA66146B622C00825729 /* Stepper */,
				222FAA73146B622C00825729 /* Wire */,
			);
			name = libraries;
			path = /Applications/Arduino.app/Contents/Resources/Java/libraries;
			sourceTree = "<absolute>";
		};
		222FA9BD146B622C00825729 /* EEPROM */ = {
			isa = PBXGroup;
			children = (
				222FA9BE146B622C00825729 /* EEPROM.cpp */,
				222FA9BF146B622C00825729 /* EEPROM.h */,
			);
			name = EEPROM;
			path = /Applications/Arduino.app/Contents/Resources/Java/libraries/EEPROM;
			sourceTree = "<absolute>";
		};
		222FA9C8146B622C00825729 /* Ethernet */ = {
			isa = PBXGroup;
			children = (
				222FA9C9146B622C00825729 /* Client.cpp */,
				222FA9CA146B622C00825729 /* Client.h */,
				222FA9CB146B622C00825729 /* Ethernet.cpp */,
				222FA9CC146B622C00825729 /* Ethernet.h */,
				222FA9E1146B622C00825729 /* Server.cpp */,
				222FA9E2146B622C00825729 /* Server.h */,
				222FA9E3146B622C00825729 /* Udp.cpp */,
				222FA9E4146B622C00825729 /* Udp.h */,
				222FA9E5146B622C00825729 /* utility */,
			);
			name = Ethernet;
			path = /Applications/Arduino.app/Contents/Resources/Java/libraries/Ethernet;
			sourceTree = "<absolute>";
		};
		222FA9E5146B622C00825729 /* utility */ = {
			isa = PBXGroup;
			children = (
				222FA9E6146B622C00825729 /* socket.cpp */,
				222FA9E7146B622C00825729 /* socket.h */,
				222FA9E8146B622C00825729 /* w5100.cpp */,
				222FA9E9146B622C00825729 /* w5100.h */,
			);
			name = utility;
			path = /Applications/Arduino.app/Contents/Resources/Java/libraries/Ethernet/utility;
			sourceTree = "<absolute>";
		};
		222FA9EA146B622C00825729 /* Firmata */ = {
			isa = PBXGroup;
			children = (
				222FA9EB146B622C00825729 /* Boards.h */,
				222FAA09146B622C00825729 /* Firmata.cpp */,
				222FAA0A146B622C00825729 /* Firmata.h */,
			);
			name = Firmata;
			path = /Applications/Arduino.app/Contents/Resources/Java/libraries/Firmata;
			sourceTree = "<absolute>";
		};
		222FAA0E146B622C00825729 /* LiquidCrystal */ = {
			isa = PBXGroup;
			children = (
				222FAA23146B622C00825729 /* LiquidCrystal.cpp */,
				222FAA24146B622C00825729 /* LiquidCrystal.h */,
			);
			name = LiquidCrystal;
			path = /Applications/Arduino.app/Contents/Resources/Java/libraries/LiquidCrystal;
			sourceTree = "<absolute>";
		};
		222FAA25146B622C00825729 /* Matrix */ = {
			isa = PBXGroup;
			children = (
				222FAA2C146B622C00825729 /* Matrix.cpp */,
				222FAA2D146B622C00825729 /* Matrix.h */,
			);
			name = Matrix;
			path = /Applications/Arduino.app/Contents/Resources/Java/libraries/Matrix;
			sourceTree = "<absolute>";
		};
		222FAA2E146B622C00825729 /* SD */ = {
			isa = PBXGroup;
			children = (
				222FAA38146B622C00825729 /* File.cpp */,
				222FAA3B146B622C00825729 /* SD.cpp */,
				222FAA3C146B622C00825729 /* SD.h */,
				222FAA3D146B622C00825729 /* utility */,
			);
			name = SD;
			path = /Applications/Arduino.app/Contents/Resources/Java/libraries/SD;
			sourceTree = "<absolute>";
		};
		222FAA3D146B622C00825729 /* utility */ = {
			isa = PBXGroup;
			children = (
				222FAA3E146B622C00825729 /* FatStructs.h */,
				222FAA3F146B622C00825729 /* Sd2Card.cpp */,
				222FAA40146B622C00825729 /* Sd2Card.h */,
				222FAA41146B622C00825729 /* Sd2PinMap.h */,
				222FAA42146B622C00825729 /* SdFat.h */,
				222FAA43146B622C00825729 /* SdFatmainpage.h */,
				222FAA44146B622C00825729 /* SdFatUtil.h */,
				222FAA45146B622C00825729 /* SdFile.cpp */,
				222FAA46146B622C00825729 /* SdInfo.h */,
				222FAA47146B622C00825729 /* SdVolume.cpp */,
			);
			name = utility;
			path = /Applications/Arduino.app/Contents/Resources/Java/libraries/SD/utility;
			sourceTree = "<absolute>";
		};
		222FAA48146B622C00825729 /* Servo */ = {
			isa = PBXGroup;
			children = (
				222FAA4F146B622C00825729 /* Servo.cpp */,
				222FAA50146B622C00825729 /* Servo.h */,
			);
			name = Servo;
			path = /Applications/Arduino.app/Contents/Resources/Java/libraries/Servo;
			sourceTree = "<absolute>";
		};
		222FAA51146B622C00825729 /* SoftwareSerial */ = {
			isa = PBXGroup;
			children = (
				222FAA54146B622C00825729 /* SoftwareSerial.cpp */,
				222FAA55146B622C00825729 /* SoftwareSerial.h */,
			);
			name = SoftwareSerial;
			path = /Applications/Arduino.app/Contents/Resources/Java/libraries/SoftwareSerial;
			sourceTree = "<absolute>";
		};
		222FAA56146B622C00825729 /* SPI */ = {
			isa = PBXGroup;
			children = (
				222FAA5F146B622C00825729 /* SPI.cpp */,
				222FAA60146B622C00825729 /* SPI.h */,
			);
			name = SPI;
			path = /Applications/Arduino.app/Contents/Resources/Java/libraries/SPI;
			sourceTree = "<absolute>";
		};
		222FAA61146B622C00825729 /* Sprite */ = {
			isa = PBXGroup;
			children = (
				222FAA62146B622C00825729 /* binary.h */,
				222FAA64146B622C00825729 /* Sprite.cpp */,
				222FAA65146B622C00825729 /* Sprite.h */,
			);
			name = Sprite;
			path = /Applications/Arduino.app/Contents/Resources/Java/libraries/Sprite;
			sourceTree = "<absolute>";
		};
		222FAA66146B622C00825729 /* Stepper */ = {
			isa = PBXGroup;
			children = (
				222FAA71146B622C00825729 /* Stepper.cpp */,
				222FAA72146B622C00825729 /* Stepper.h */,
			);
			name = Stepper;
			path = /Applications/Arduino.app/Contents/Resources/Java/libraries/Stepper;
			sourceTree = "<absolute>";
		};
		222FAA73146B622C00825729 /* Wire */ = {
			isa = PBXGroup;
			children = (
				222FAA82146B622C00825729 /* utility */,
				222FAA85146B622C00825729 /* Wire.cpp */,
				222FAA86146B622C00825729 /* Wire.h */,
			);
			name = Wire;
			path = /Applications/Arduino.app/Contents/Resources/Java/libraries/Wire;
			sourceTree = "<absolute>";
		};
		222FAA82146B622C00825729 /* utility */ = {
			isa = PBXGroup;
			children = (
				222FAA83146B622C00825729 /* twi.c */,
				222FAA84146B622C00825729 /* twi.h */,
			);
			name = utility;
			path = /Applications/Arduino.app/Contents/Resources/Java/libraries/Wire/utility;
			sourceTree = "<absolute>";
		};
		22ACDAFD146E99DE0021C93A /* src */ = {
			isa = PBXGroup;
			children = (
				22ACDAFE146E99DE0021C93A /* main.cpp */,
				22ACDAFF146E99DE0021C93A /* ArduinoProgram.h */,
				22ACDB00146E99DE0021C93A /* ArduinoProgram.cpp */,
				22ACDB01146E99DE0021C93A /* TestThing.h */,
				22ACDB02146E99DE0021C93A /* TestThing.cpp */,
			);
			name = src;
			path = "Library/Xcode/Project Templates/Arduino/SanguinoOnXcode2/src";
			sourceTree = SYSTEM_DEVELOPER_DIR;
		};
/* End PBXGroup section */

/* Begin PBXLegacyTarget section */
		01706F540A347F6900E43B08 /* Make */ = {
			isa = PBXLegacyTarget;
			buildArgumentsString = "$(ACTION)";
			buildConfigurationList = 01706F550A347F8800E43B08 /* Build configuration list for PBXLegacyTarget "Make" */;
			buildPhases = (
			);
			buildToolPath = make;
			dependencies = (
			);
			name = Make;
			passBuildSettingsInEnvironment = 1;
			productName = Make;
		};
		01706F5B0A34807400E43B08 /* Upload */ = {
			isa = PBXLegacyTarget;
			buildArgumentsString = "$(ACTION) upload";
			buildConfigurationList = 01706F660A34808D00E43B08 /* Build configuration list for PBXLegacyTarget "Upload" */;
			buildPhases = (
			);
			buildToolPath = make;
			buildWorkingDirectory = "";
			dependencies = (
			);
			name = Upload;
			passBuildSettingsInEnvironment = 1;
			productName = Program;
		};
/* End PBXLegacyTarget section */

/* Begin PBXProject section */
		08FB7793FE84155DC02AAC07 /* Project object */ = {
			isa = PBXProject;
			buildConfigurationList = 01706F350A34762900E43B08 /* Build configuration list for PBXProject "___PROJECTNAME___" */;
			compatibilityVersion = "Xcode 2.4";
			developmentRegion = English;
			hasScannedForEncodings = 1;
			knownRegions = (
				English,
				Japanese,
				French,
				German,
			);
			mainGroup = 08FB7794FE84155DC02AAC07 /* ¬´PROJECTNAME¬ª */;
			projectDirPath = "";
			projectRoot = "";
			targets = (
				01706F540A347F6900E43B08 /* Make */,
				01706F5B0A34807400E43B08 /* Upload */,
			);
		};
/* End PBXProject section */

/* Begin XCBuildConfiguration section */
		01706F360A34762900E43B08 /* Development */ = {
			isa = XCBuildConfiguration;
			buildSettings = {
			};
			name = Development;
		};
		01706F370A34762900E43B08 /* Deployment */ = {
			isa = XCBuildConfiguration;
			buildSettings = {
			};
			name = Deployment;
		};
		01706F380A34762900E43B08 /* Default */ = {
			isa = XCBuildConfiguration;
			buildSettings = {
			};
			name = Default;
		};
		01706F560A347F8800E43B08 /* Development */ = {
			isa = XCBuildConfiguration;
			buildSettings = {
				COPY_PHASE_STRIP = NO;
				GCC_DYNAMIC_NO_PIC = NO;
				GCC_GENERATE_DEBUGGING_SYMBOLS = YES;
				GCC_OPTIMIZATION_LEVEL = "\U00010";
				PATH = "/sw/bin/:/usr/local/bin/:$PATH";
				PRODUCT_NAME = Make;
			};
			name = Development;
		};
		01706F570A347F8800E43B08 /* Deployment */ = {
			isa = XCBuildConfiguration;
			buildSettings = {
				COPY_PHASE_STRIP = YES;
				GCC_ENABLE_FIX_AND_CONTINUE = NO;
				GCC_GENERATE_DEBUGGING_SYMBOLS = NO;
				PRODUCT_NAME = Make;
				ZERO_LINK = NO;
			};
			name = Deployment;
		};
		01706F580A347F8800E43B08 /* Default */ = {
			isa = XCBuildConfiguration;
			buildSettings = {
				PRODUCT_NAME = Make;
			};
			name = Default;
		};
		01706F670A34808D00E43B08 /* Development */ = {
			isa = XCBuildConfiguration;
			buildSettings = {
				COPY_PHASE_STRIP = NO;
				GCC_DYNAMIC_NO_PIC = NO;
				GCC_GENERATE_DEBUGGING_SYMBOLS = YES;
				GCC_OPTIMIZATION_LEVEL = 0;
				PATH = "/sw/bin/:/usr/local/bin/:$PATH";
				PRODUCT_NAME = "Make Upload";
			};
			name = Development;
		};
		01706F680A34808D00E43B08 /* Deployment */ = {
			isa = XCBuildConfiguration;
			buildSettings = {
				COPY_PHASE_STRIP = YES;
				GCC_ENABLE_FIX_AND_CONTINUE = NO;
				GCC_GENERATE_DEBUGGING_SYMBOLS = NO;
				PRODUCT_NAME = Program;
				ZERO_LINK = NO;
			};
			name = Deployment;
		};
		01706F690A34808D00E43B08 /* Default */ = {
			isa = XCBuildConfiguration;
			buildSettings = {
				PRODUCT_NAME = Program;
			};
			name = Default;
		};
/* End XCBuildConfiguration section */

/* Begin XCConfigurationList section */
		01706F350A34762900E43B08 /* Build configuration list for PBXProject "___PROJECTNAME___" */ = {
			isa = XCConfigurationList;
			buildConfigurations = (
				01706F360A34762900E43B08 /* Development */,
				01706F370A34762900E43B08 /* Deployment */,
				01706F380A34762900E43B08 /* Default */,
			);
			defaultConfigurationIsVisible = 0;
			defaultConfigurationName = Default;
		};
		01706F550A347F8800E43B08 /* Build configuration list for PBXLegacyTarget "Make" */ = {
			isa = XCConfigurationList;
			buildConfigurations = (
				01706F560A347F8800E43B08 /* Development */,
				01706F570A347F8800E43B08 /* Deployment */,
				01706F580A347F8800E43B08 /* Default */,
			);
			defaultConfigurationIsVisible = 0;
			defaultConfigurationName = Default;
		};
		01706F660A34808D00E43B08 /* Build configuration list for PBXLegacyTarget "Upload" */ = {
			isa = XCConfigurationList;
			buildConfigurations = (
				01706F670A34808D00E43B08 /* Development */,
				01706F680A34808D00E43B08 /* Deployment */,
				01706F690A34808D00E43B08 /* Default */,
			);
			defaultConfigurationIsVisible = 0;
			defaultConfigurationName = Default;
		};
/* End XCConfigurationList section */
	};
	rootObject = 08FB7793FE84155DC02AAC07 /* Project object */;
}
